
Microsoft Visual Studio Solution File, Format Version 12.00
# Visual Studio Version 17
VisualStudioVersion = 17.14.36518.9 d17.14
MinimumVisualStudioVersion = 10.0.40219.1
Project("{FAE04EC0-301F-11D3-BF4B-00C04F79EFBC}") = "Calculator", "Calculator\Calculator.csproj", "{B4225511-C5F6-4195-993C-8A2240EC0534}"
EndProject
Global
	GlobalSection(SolutionConfigurationPlatforms) = preSolution
		Debug|Any CPU = Debug|Any CPU
		Release|Any CPU = Release|Any CPU
	EndGlobalSection
	GlobalSection(ProjectConfigurationPlatforms) = postSolution
		{B4225511-C5F6-4195-993C-8A2240EC0534}.Debug|Any CPU.ActiveCfg = Debug|Any CPU
		{B4225511-C5F6-4195-993C-8A2240EC0534}.Debug|Any CPU.Build.0 = Debug|Any CPU
		{B4225511-C5F6-4195-993C-8A2240EC0534}.Release|Any CPU.ActiveCfg = Release|Any CPU
		{B4225511-C5F6-4195-993C-8A2240EC0534}.Release|Any CPU.Build.0 = Release|Any CPU
	EndGlobalSection
	GlobalSection(SolutionProperties) = preSolution
		HideSolutionNode = FALSE
	EndGlobalSection
	GlobalSection(ExtensibilityGlobals) = postSolution
		SolutionGuid = {770375F9-6933-4A56-B9F0-6C2D2596E86B}
	EndGlobalSection
EndGlobal
